
Microsoft Visual Studio Solution File, Format Version 12.00
# Visual Studio Version 17
VisualStudioVersion = 17.9.34622.214
MinimumVisualStudioVersion = 10.0.40219.1
Project("{FAE04EC0-301F-11D3-BF4B-00C04F79EFBC}") = "BackendDll", "BackendDll\BackendDll.csproj", "{9F48CEF5-6CFF-408C-8B97-2F4EF5165AC4}"
EndProject
Global
	GlobalSection(SolutionConfigurationPlatforms) = preSolution
		Debug|Any CPU = Debug|Any CPU
		Release|Any CPU = Release|Any CPU
	EndGlobalSection
	GlobalSection(ProjectConfigurationPlatforms) = postSolution
		{9F48CEF5-6CFF-408C-8B97-2F4EF5165AC4}.Debug|Any CPU.ActiveCfg = Debug|Any CPU
		{9F48CEF5-6CFF-408C-8B97-2F4EF5165AC4}.Debug|Any CPU.Build.0 = Debug|Any CPU
		{9F48CEF5-6CFF-408C-8B97-2F4EF5165AC4}.Release|Any CPU.ActiveCfg = Release|Any CPU
		{9F48CEF5-6CFF-408C-8B97-2F4EF5165AC4}.Release|Any CPU.Build.0 = Release|Any CPU
	EndGlobalSection
	GlobalSection(SolutionProperties) = preSolution
		HideSolutionNode = FALSE
	EndGlobalSection
	GlobalSection(ExtensibilityGlobals) = postSolution
		SolutionGuid = {3177722C-2F42-463C-A0E1-BE1D4D646D24}
	EndGlobalSection
EndGlobal
